{
    "_readme": [
        "This file locks the dependencies of your project to a known state",
        "Read more about it at https://getcomposer.org/doc/01-basic-usage.md#installing-dependencies",
        "This file is @generated automatically"
    ],
    "content-hash": "11b6c9560d9fdd6ffd9ca0184f735c6f",
    "packages": [
        {
            "name": "drupal/jsonapi_extras",
            "version": "3.0.0",
            "source": {
                "type": "git",
                "url": "https://git.drupalcode.org/project/jsonapi_extras",
                "reference": "refs/heads/8.x-3.x"
            },
            "type": "drupal-module"
        }
    ],
    "packages-dev": [],
    "aliases": [],
    "minimum-stability": "dev",
    "stability-flags": [],
    "prefer-stable": false,
    "prefer-lowest": false,
    "platform": [],
    "platform-dev": [],
    "plugin-api-version": "2.6.0"
}
